
Microsoft Visual Studio Solution File, Format Version 12.00
# Visual Studio Version 16
VisualStudioVersion = 16.0.34031.81
MinimumVisualStudioVersion = 10.0.40219.1
Project("{2150E333-8FDC-42A3-9474-1A3956D46DE8}") = "DB", "DB", "{0F8328FF-58F1-47E2-8A2B-61922F5CC366}"
	ProjectSection(SolutionItems) = preProject
		UserProfile.sql = UserProfile.sql
	EndProjectSection
EndProject
Project("{FAE04EC0-301F-11D3-BF4B-00C04F79EFBC}") = "UserProfileBusinessLogic", "UserProfileBusinessLogic\UserProfileBusinessLogic.csproj", "{7940744E-F696-4DA3-A86A-FDC45DCD727D}"
EndProject
Project("{FAE04EC0-301F-11D3-BF4B-00C04F79EFBC}") = "UserProfileDataAccess", "UserProfileDataAccess\UserProfileDataAccess.csproj", "{F947C579-68B5-4F6F-9F7D-2AB11BFD8F83}"
EndProject
Project("{FAE04EC0-301F-11D3-BF4B-00C04F79EFBC}") = "UserProfileModels", "UserProfileModel\UserProfileModels.csproj", "{24FBE32C-D046-4B67-828C-875F5C9BA5B8}"
EndProject
Project("{FAE04EC0-301F-11D3-BF4B-00C04F79EFBC}") = "UserProfileUI", "UserProfileUserInterface\UserProfileUI.csproj", "{02FF41F2-E268-4B05-AF04-E182A4ECCBD2}"
EndProject
Global
	GlobalSection(SolutionConfigurationPlatforms) = preSolution
		Debug|Any CPU = Debug|Any CPU
		Release|Any CPU = Release|Any CPU
	EndGlobalSection
	GlobalSection(ProjectConfigurationPlatforms) = postSolution
		{7940744E-F696-4DA3-A86A-FDC45DCD727D}.Debug|Any CPU.ActiveCfg = Debug|Any CPU
		{7940744E-F696-4DA3-A86A-FDC45DCD727D}.Debug|Any CPU.Build.0 = Debug|Any CPU
		{7940744E-F696-4DA3-A86A-FDC45DCD727D}.Release|Any CPU.ActiveCfg = Release|Any CPU
		{7940744E-F696-4DA3-A86A-FDC45DCD727D}.Release|Any CPU.Build.0 = Release|Any CPU
		{F947C579-68B5-4F6F-9F7D-2AB11BFD8F83}.Debug|Any CPU.ActiveCfg = Debug|Any CPU
		{F947C579-68B5-4F6F-9F7D-2AB11BFD8F83}.Debug|Any CPU.Build.0 = Debug|Any CPU
		{F947C579-68B5-4F6F-9F7D-2AB11BFD8F83}.Release|Any CPU.ActiveCfg = Release|Any CPU
		{F947C579-68B5-4F6F-9F7D-2AB11BFD8F83}.Release|Any CPU.Build.0 = Release|Any CPU
		{24FBE32C-D046-4B67-828C-875F5C9BA5B8}.Debug|Any CPU.ActiveCfg = Debug|Any CPU
		{24FBE32C-D046-4B67-828C-875F5C9BA5B8}.Debug|Any CPU.Build.0 = Debug|Any CPU
		{24FBE32C-D046-4B67-828C-875F5C9BA5B8}.Release|Any CPU.ActiveCfg = Release|Any CPU
		{24FBE32C-D046-4B67-828C-875F5C9BA5B8}.Release|Any CPU.Build.0 = Release|Any CPU
		{02FF41F2-E268-4B05-AF04-E182A4ECCBD2}.Debug|Any CPU.ActiveCfg = Debug|Any CPU
		{02FF41F2-E268-4B05-AF04-E182A4ECCBD2}.Debug|Any CPU.Build.0 = Debug|Any CPU
		{02FF41F2-E268-4B05-AF04-E182A4ECCBD2}.Release|Any CPU.ActiveCfg = Release|Any CPU
		{02FF41F2-E268-4B05-AF04-E182A4ECCBD2}.Release|Any CPU.Build.0 = Release|Any CPU
	EndGlobalSection
	GlobalSection(SolutionProperties) = preSolution
		HideSolutionNode = FALSE
	EndGlobalSection
	GlobalSection(ExtensibilityGlobals) = postSolution
		SolutionGuid = {3A2CB39C-83D0-4041-B044-069B846ECB3B}
	EndGlobalSection
EndGlobal
